{
  "name": "soba_shop",
  "lockfileVersion": 2,
  "requires": true,
  "packages": {
    "": {
      "dependencies": {
        "@heroku/buildpack-registry": "^1.0.1"
      }
    },
    "node_modules/@heroku/buildpack-registry": {
      "version": "1.0.1",
      "resolved": "https://registry.npmjs.org/@heroku/buildpack-registry/-/buildpack-registry-1.0.1.tgz",
      "integrity": "sha512-cbB6ND+unRk692jf1PctcoqnmuyifanTMtFStucXukkpyeI/QgXac5qJNb3g6yhHOObTghJBXi9Uzy1KBcnPgQ==",
      "dependencies": {
        "node-fetch": "^2.2.0",
        "true-myth": "^2.0.0"
      },
      "engines": {
        "node": ">= 8.0.0"
      }
    },
    "node_modules/node-fetch": {
      "version": "2.6.7",
      "resolved": "https://registry.npmjs.org/node-fetch/-/node-fetch-2.6.7.tgz",
      "integrity": "sha512-ZjMPFEfVx5j+y2yF35Kzx5sF7kDzxuDj6ziH4FFbOp87zKDZNx8yExJIb05OGF4Nlt9IHFIMBkRl41VdvcNdbQ==",
      "dependencies": {
        "whatwg-url": "^5.0.0"
      },
      "engines": {
        "node": "4.x || >=6.0.0"
      },
      "peerDependencies": {
        "encoding": "^0.1.0"
      },
      "peerDependenciesMeta": {
        "encoding": {
          "optional": true
        }
      }
    },
    "node_modules/tr46": {
      "version": "0.0.3",
      "resolved": "https://registry.npmjs.org/tr46/-/tr46-0.0.3.tgz",
      "integrity": "sha512-N3WMsuqV66lT30CrXNbEjx4GEwlow3v6rr4mCcv6prnfwhS01rkgyFdjPNBYd9br7LpXV1+Emh01fHnq2Gdgrw=="
    },
    "node_modules/true-myth": {
      "version": "2.2.8",
      "resolved": "https://registry.npmjs.org/true-myth/-/true-myth-2.2.8.tgz",
      "integrity": "sha512-ds6rEGLDgVZZId9v+WK0kj7gc7x6LOJ8HVGGDrrWekYdJGCShGeV37z39124zgF73OtmlAqoDDZnDTmygr2D4g=="
    },
    "node_modules/webidl-conversions": {
      "version": "3.0.1",
      "resolved": "https://registry.npmjs.org/webidl-conversions/-/webidl-conversions-3.0.1.tgz",
      "integrity": "sha512-2JAn3z8AR6rjK8Sm8orRC0h/bcl/DqL7tRPdGZ4I1CjdF+EaMLmYxBHyXuKL849eucPFhvBoxMsflfOb8kxaeQ=="
    },
    "node_modules/whatwg-url": {
      "version": "5.0.0",
      "resolved": "https://registry.npmjs.org/whatwg-url/-/whatwg-url-5.0.0.tgz",
      "integrity": "sha512-saE57nupxk6v3HY35+jzBwYa0rKSy0XR8JSxZPwgLr7ys0IBzhGviA1/TUGJLmSVqs8pb9AnvICXEuOHLprYTw==",
      "dependencies": {
        "tr46": "~0.0.3",
        "webidl-conversions": "^3.0.0"
      }
    }
  },
  "dependencies": {
    "@heroku/buildpack-registry": {
      "version": "1.0.1",
      "resolved": "https://registry.npmjs.org/@heroku/buildpack-registry/-/buildpack-registry-1.0.1.tgz",
      "integrity": "sha512-cbB6ND+unRk692jf1PctcoqnmuyifanTMtFStucXukkpyeI/QgXac5qJNb3g6yhHOObTghJBXi9Uzy1KBcnPgQ==",
      "requires": {
        "node-fetch": "^2.2.0",
        "true-myth": "^2.0.0"
      }
    },
    "node-fetch": {
      "version": "2.6.7",
      "resolved": "https://registry.npmjs.org/node-fetch/-/node-fetch-2.6.7.tgz",
      "integrity": "sha512-ZjMPFEfVx5j+y2yF35Kzx5sF7kDzxuDj6ziH4FFbOp87zKDZNx8yExJIb05OGF4Nlt9IHFIMBkRl41VdvcNdbQ==",
      "requires": {
        "whatwg-url": "^5.0.0"
      }
    },
    "tr46": {
      "version": "0.0.3",
      "resolved": "https://registry.npmjs.org/tr46/-/tr46-0.0.3.tgz",
      "integrity": "sha512-N3WMsuqV66lT30CrXNbEjx4GEwlow3v6rr4mCcv6prnfwhS01rkgyFdjPNBYd9br7LpXV1+Emh01fHnq2Gdgrw=="
    },
    "true-myth": {
      "version": "2.2.8",
      "resolved": "https://registry.npmjs.org/true-myth/-/true-myth-2.2.8.tgz",
      "integrity": "sha512-ds6rEGLDgVZZId9v+WK0kj7gc7x6LOJ8HVGGDrrWekYdJGCShGeV37z39124zgF73OtmlAqoDDZnDTmygr2D4g=="
    },
    "webidl-conversions": {
      "version": "3.0.1",
      "resolved": "https://registry.npmjs.org/webidl-conversions/-/webidl-conversions-3.0.1.tgz",
      "integrity": "sha512-2JAn3z8AR6rjK8Sm8orRC0h/bcl/DqL7tRPdGZ4I1CjdF+EaMLmYxBHyXuKL849eucPFhvBoxMsflfOb8kxaeQ=="
    },
    "whatwg-url": {
      "version": "5.0.0",
      "resolved": "https://registry.npmjs.org/whatwg-url/-/whatwg-url-5.0.0.tgz",
      "integrity": "sha512-saE57nupxk6v3HY35+jzBwYa0rKSy0XR8JSxZPwgLr7ys0IBzhGviA1/TUGJLmSVqs8pb9AnvICXEuOHLprYTw==",
      "requires": {
        "tr46": "~0.0.3",
        "webidl-conversions": "^3.0.0"
      }
    }
  }
}
